
Microsoft Visual Studio Solution File, Format Version 12.00
# Visual Studio 14
VisualStudioVersion = 14.0.25420.1
MinimumVisualStudioVersion = 10.0.40219.1
Project("{FAE04EC0-301F-11D3-BF4B-00C04F79EFBC}") = "inventarioweb.Domain", "inventarioweb\inventarioweb.Domain.csproj", "{1361A525-16A7-41F8-BF6D-2D5CB42504CD}"
EndProject
Project("{FAE04EC0-301F-11D3-BF4B-00C04F79EFBC}") = "inventarioweb.Shared", "inventarioweb.Shared\inventarioweb.Shared.csproj", "{29BEDF76-855F-45C1-8A35-71BFE54D1C8B}"
EndProject
Global
	GlobalSection(SolutionConfigurationPlatforms) = preSolution
		Debug|Any CPU = Debug|Any CPU
		Release|Any CPU = Release|Any CPU
	EndGlobalSection
	GlobalSection(ProjectConfigurationPlatforms) = postSolution
		{1361A525-16A7-41F8-BF6D-2D5CB42504CD}.Debug|Any CPU.ActiveCfg = Debug|Any CPU
		{1361A525-16A7-41F8-BF6D-2D5CB42504CD}.Debug|Any CPU.Build.0 = Debug|Any CPU
		{1361A525-16A7-41F8-BF6D-2D5CB42504CD}.Release|Any CPU.ActiveCfg = Release|Any CPU
		{1361A525-16A7-41F8-BF6D-2D5CB42504CD}.Release|Any CPU.Build.0 = Release|Any CPU
		{29BEDF76-855F-45C1-8A35-71BFE54D1C8B}.Debug|Any CPU.ActiveCfg = Debug|Any CPU
		{29BEDF76-855F-45C1-8A35-71BFE54D1C8B}.Debug|Any CPU.Build.0 = Debug|Any CPU
		{29BEDF76-855F-45C1-8A35-71BFE54D1C8B}.Release|Any CPU.ActiveCfg = Release|Any CPU
		{29BEDF76-855F-45C1-8A35-71BFE54D1C8B}.Release|Any CPU.Build.0 = Release|Any CPU
	EndGlobalSection
	GlobalSection(SolutionProperties) = preSolution
		HideSolutionNode = FALSE
	EndGlobalSection
EndGlobal
